
Microsoft Visual Studio Solution File, Format Version 12.00
# Visual Studio Version 16
VisualStudioVersion = 16.0.28803.202
MinimumVisualStudioVersion = 10.0.40219.1
Project("{9A19103F-16F7-4668-BE54-9A1E7A4F7556}") = "Ducks - Encapsulation", "Ducks - Encapsulation\Ducks - Encapsulation.csproj", "{FE9C1451-8DBD-4531-90E7-8AF669C58C38}"
EndProject
Project("{FAE04EC0-301F-11D3-BF4B-00C04F79EFBC}") = "DuckLib", "DuckLib\DuckLib.csproj", "{F23CA0C1-F37B-4370-86D7-D0A565E76D8D}"
EndProject
Global
	GlobalSection(SolutionConfigurationPlatforms) = preSolution
		Debug|Any CPU = Debug|Any CPU
		Release|Any CPU = Release|Any CPU
	EndGlobalSection
	GlobalSection(ProjectConfigurationPlatforms) = postSolution
		{FE9C1451-8DBD-4531-90E7-8AF669C58C38}.Debug|Any CPU.ActiveCfg = Debug|Any CPU
		{FE9C1451-8DBD-4531-90E7-8AF669C58C38}.Debug|Any CPU.Build.0 = Debug|Any CPU
		{FE9C1451-8DBD-4531-90E7-8AF669C58C38}.Release|Any CPU.ActiveCfg = Release|Any CPU
		{FE9C1451-8DBD-4531-90E7-8AF669C58C38}.Release|Any CPU.Build.0 = Release|Any CPU
		{F23CA0C1-F37B-4370-86D7-D0A565E76D8D}.Debug|Any CPU.ActiveCfg = Debug|Any CPU
		{F23CA0C1-F37B-4370-86D7-D0A565E76D8D}.Debug|Any CPU.Build.0 = Debug|Any CPU
		{F23CA0C1-F37B-4370-86D7-D0A565E76D8D}.Release|Any CPU.ActiveCfg = Release|Any CPU
		{F23CA0C1-F37B-4370-86D7-D0A565E76D8D}.Release|Any CPU.Build.0 = Release|Any CPU
	EndGlobalSection
	GlobalSection(SolutionProperties) = preSolution
		HideSolutionNode = FALSE
	EndGlobalSection
	GlobalSection(ExtensibilityGlobals) = postSolution
		SolutionGuid = {5D75DA7F-9794-47F6-B586-9E3FFC1B43B0}
	EndGlobalSection
EndGlobal
